
Microsoft Visual Studio Solution File, Format Version 12.00
# Visual Studio Version 17
VisualStudioVersion = 17.0.31912.275
MinimumVisualStudioVersion = 10.0.40219.1
Project("{FAE04EC0-301F-11D3-BF4B-00C04F79EFBC}") = "Imobiliaria_604", "Imobiliaria_604\Imobiliaria_604.csproj", "{573C3468-C872-4599-AEC1-BB9C2E408869}"
EndProject
Project("{2150E333-8FDC-42A3-9474-1A3956D46DE8}") = "Solution Items", "Solution Items", "{85C58FE1-B2C0-4351-BCBD-6FB5FB687574}"
	ProjectSection(SolutionItems) = preProject
		.editorconfig = .editorconfig
	EndProjectSection
EndProject
Global
	GlobalSection(SolutionConfigurationPlatforms) = preSolution
		Debug|Any CPU = Debug|Any CPU
		Release|Any CPU = Release|Any CPU
	EndGlobalSection
	GlobalSection(ProjectConfigurationPlatforms) = postSolution
		{573C3468-C872-4599-AEC1-BB9C2E408869}.Debug|Any CPU.ActiveCfg = Debug|Any CPU
		{573C3468-C872-4599-AEC1-BB9C2E408869}.Debug|Any CPU.Build.0 = Debug|Any CPU
		{573C3468-C872-4599-AEC1-BB9C2E408869}.Release|Any CPU.ActiveCfg = Release|Any CPU
		{573C3468-C872-4599-AEC1-BB9C2E408869}.Release|Any CPU.Build.0 = Release|Any CPU
	EndGlobalSection
	GlobalSection(SolutionProperties) = preSolution
		HideSolutionNode = FALSE
	EndGlobalSection
	GlobalSection(ExtensibilityGlobals) = postSolution
		SolutionGuid = {1585B473-326C-4582-A6CB-52B79ED741FE}
	EndGlobalSection
EndGlobal
